
Microsoft Visual Studio Solution File, Format Version 12.00
# Visual Studio 2013
VisualStudioVersion = 12.0.21005.1
MinimumVisualStudioVersion = 10.0.40219.1
Project("{FAE04EC0-301F-11D3-BF4B-00C04F79EFBC}") = "CodeNote", "CodeNote.csproj", "{C5517768-F14F-426D-8731-A527B56ACCEB}"
EndProject
Global
	GlobalSection(SolutionConfigurationPlatforms) = preSolution
		Debug|Any CPU = Debug|Any CPU
		Release|Any CPU = Release|Any CPU
	EndGlobalSection
	GlobalSection(ProjectConfigurationPlatforms) = postSolution
		{C5517768-F14F-426D-8731-A527B56ACCEB}.Debug|Any CPU.ActiveCfg = Debug|Any CPU
		{C5517768-F14F-426D-8731-A527B56ACCEB}.Debug|Any CPU.Build.0 = Debug|Any CPU
		{C5517768-F14F-426D-8731-A527B56ACCEB}.Release|Any CPU.ActiveCfg = Release|Any CPU
		{C5517768-F14F-426D-8731-A527B56ACCEB}.Release|Any CPU.Build.0 = Release|Any CPU
	EndGlobalSection
	GlobalSection(SolutionProperties) = preSolution
		HideSolutionNode = FALSE
	EndGlobalSection
EndGlobal
